
Microsoft Visual Studio Solution File, Format Version 12.00
# Visual Studio Version 16
VisualStudioVersion = 16.0.810.20
MinimumVisualStudioVersion = 10.0.40219.1
Project("{FAE04EC0-301F-11D3-BF4B-00C04F79EFBC}") = "XamARKitSample", "XamARKitSample\XamARKitSample.csproj", "{1C5FC661-4220-4004-8865-EEE794B0BEC9}"
EndProject
Global
	GlobalSection(SolutionConfigurationPlatforms) = preSolution
		Debug|iPhoneSimulator = Debug|iPhoneSimulator
		Release|iPhoneSimulator = Release|iPhoneSimulator
		Debug|iPhone = Debug|iPhone
		Release|iPhone = Release|iPhone
	EndGlobalSection
	GlobalSection(ProjectConfigurationPlatforms) = postSolution
		{1C5FC661-4220-4004-8865-EEE794B0BEC9}.Debug|iPhoneSimulator.ActiveCfg = Debug|iPhoneSimulator
		{1C5FC661-4220-4004-8865-EEE794B0BEC9}.Debug|iPhoneSimulator.Build.0 = Debug|iPhoneSimulator
		{1C5FC661-4220-4004-8865-EEE794B0BEC9}.Release|iPhoneSimulator.ActiveCfg = Release|iPhoneSimulator
		{1C5FC661-4220-4004-8865-EEE794B0BEC9}.Release|iPhoneSimulator.Build.0 = Release|iPhoneSimulator
		{1C5FC661-4220-4004-8865-EEE794B0BEC9}.Debug|iPhone.ActiveCfg = Debug|iPhone
		{1C5FC661-4220-4004-8865-EEE794B0BEC9}.Debug|iPhone.Build.0 = Debug|iPhone
		{1C5FC661-4220-4004-8865-EEE794B0BEC9}.Release|iPhone.ActiveCfg = Release|iPhone
		{1C5FC661-4220-4004-8865-EEE794B0BEC9}.Release|iPhone.Build.0 = Release|iPhone
	EndGlobalSection
	GlobalSection(SolutionProperties) = preSolution
		HideSolutionNode = FALSE
	EndGlobalSection
	GlobalSection(ExtensibilityGlobals) = postSolution
		SolutionGuid = {1990F21F-D0C4-45DA-99C7-A048B74CF38F}
	EndGlobalSection
EndGlobal
